
Microsoft Visual Studio Solution File, Format Version 12.00
Project("{2150E333-8FDC-42A3-9474-1A3956D46DE8}") = "Task0", "Task0", "{38496431-2CF0-49CB-807B-77490F2DD311}"
EndProject
Project("{FAE04EC0-301F-11D3-BF4B-00C04F79EFBC}") = "Tyuiu.OsincevEM.Sprint0.Task0.V0", "Tyuiu.OsincevEM.Sprint0.Task0.V0\Tyuiu.OsincevEM.Sprint0.Task0.V0.csproj", "{F58A0034-65EF-4EAD-A0B1-2EB2E74AF0EE}"
EndProject
Project("{2150E333-8FDC-42A3-9474-1A3956D46DE8}") = "Task1", "Task1", "{D0A7F513-3733-4CF8-B3EF-80A33B63DFA0}"
EndProject
Project("{FAE04EC0-301F-11D3-BF4B-00C04F79EFBC}") = "Tyuiu.OsincevEM.Sprint0.Task1.V0", "Tyuiu.OsincevEM.Sprint0.Task1.V0 \Tyuiu.OsincevEM.Sprint0.Task1.V0.csproj", "{0F0B7FBF-0A58-4BAA-ACEC-796CFA2E680B}"
EndProject
Project("{2150E333-8FDC-42A3-9474-1A3956D46DE8}") = "Task2", "Task2", "{6CB8C752-8A24-4E49-ABD8-FAA13FC99986}"
EndProject
Project("{FAE04EC0-301F-11D3-BF4B-00C04F79EFBC}") = "Tyuiu.OsincevEM.Sprint0.Task2.V0", "Tyuiu.OsincevEM.Sprint0.Task2.V0\Tyuiu.OsincevEM.Sprint0.Task2.V0.csproj", "{83F11B3A-4CE6-43AB-B0E2-2F8AC15ACFCA}"
EndProject
Project("{FAE04EC0-301F-11D3-BF4B-00C04F79EFBC}") = "Tyuiu.OsincevEM.Sprint0.Task2.V0.Lib", "Tyuiu.OsincevEM.Sprint0.Task2.V0.Lib\Tyuiu.OsincevEM.Sprint0.Task2.V0.Lib.csproj", "{5375B9C8-280E-4DE8-9E17-E37CC45E766A}"
EndProject
Project("{FAE04EC0-301F-11D3-BF4B-00C04F79EFBC}") = "Tyuiu.OsincevEM.Sprint0.Task2.V0.Test", "Tyuiu.OsincevEM.Sprint0.Task2.V0.Test\Tyuiu.OsincevEM.Sprint0.Task2.V0.Test.csproj", "{DB4D9A9C-92A7-4341-B827-143AC5593876}"
EndProject
Project("{2150E333-8FDC-42A3-9474-1A3956D46DE8}") = "Task3", "Task3", "{D8FC7FBA-1D93-4F0A-AAE6-5D51EE9354B1}"
EndProject
Project("{FAE04EC0-301F-11D3-BF4B-00C04F79EFBC}") = "Tyuiu.OsincevEM.Sprint0.Task3.V0", "Tyuiu.OsincevEM.Sprint0.Task3.V0\Tyuiu.OsincevEM.Sprint0.Task3.V0.csproj", "{4962517B-6510-4185-B8EE-324413C11BBE}"
EndProject
Project("{FAE04EC0-301F-11D3-BF4B-00C04F79EFBC}") = "Tyuiu.OsincevEM.Sprint0.Task3.V0.Lib", "Tyuiu.OsincevEM.Sprint0.Task3.V0.Lib\Tyuiu.OsincevEM.Sprint0.Task3.V0.Lib.csproj", "{46649854-5DCD-4687-9558-E0B307A77279}"
EndProject
Project("{FAE04EC0-301F-11D3-BF4B-00C04F79EFBC}") = "Tyuiu.OsincevEM.Sprint0.Task3.V0.Test", "Tyuiu.OsincevEM.Sprint0.Task3.V0.Test\Tyuiu.OsincevEM.Sprint0.Task3.V0.Test.csproj", "{A51D1513-09DB-4604-BA92-2C7BE274D64C}"
EndProject
Project("{2150E333-8FDC-42A3-9474-1A3956D46DE8}") = "Task4 ", "Task4 ", "{936EFCDA-5B5C-4637-9F56-F847925A4338}"
EndProject
Project("{FAE04EC0-301F-11D3-BF4B-00C04F79EFBC}") = "Tyuiu.OsincevEM.Sprint0.Task4.V0", "Tyuiu.OsincevEM.Sprint0.Task4.V0\Tyuiu.OsincevEM.Sprint0.Task4.V0.csproj", "{E4D8C36D-8CD9-4F5B-A207-D64560D9111B}"
EndProject
Project("{FAE04EC0-301F-11D3-BF4B-00C04F79EFBC}") = "Tyuiu.OsincevEM.Sprint0.Task4.V0.Lib", "Tyuiu.OsincevEM.Sprint0.Task4.V0.Lib \Tyuiu.OsincevEM.Sprint0.Task4.V0.Lib.csproj", "{B6A761BA-7094-48E4-8E56-C24E6D89FC4D}"
EndProject
Project("{FAE04EC0-301F-11D3-BF4B-00C04F79EFBC}") = "Tyuiu.OsincevEM.Sprint0.Task4.V0.Test", "Tyuiu.OsincevEM.Sprint0.Task4.V0.Test \Tyuiu.OsincevEM.Sprint0.Task4.V0.Test.csproj", "{540E6FBA-1B33-42F7-8321-5341482EA714}"
EndProject
Project("{2150E333-8FDC-42A3-9474-1A3956D46DE8}") = "Task5", "Task5", "{FEC889BF-7A1A-47BA-B2A0-79CAAB3AF7B9}"
EndProject
Project("{FAE04EC0-301F-11D3-BF4B-00C04F79EFBC}") = "Tyuiu.OsincevEM.Sprint0.Task5.V0", "Tyuiu.OsincevEM.Sprint0.Task5.V0\Tyuiu.OsincevEM.Sprint0.Task5.V0.csproj", "{83BE8CD5-587C-43B6-AB40-2B84088FF6DE}"
EndProject
Project("{FAE04EC0-301F-11D3-BF4B-00C04F79EFBC}") = "Tyuiu.OsincevEM.Sprint0.Task5.V0.Lib", "Tyuiu.OsincevEM.Sprint0.Task5.V0.Lib\Tyuiu.OsincevEM.Sprint0.Task5.V0.Lib.csproj", "{237C11D1-4A35-4320-BE57-29ABA887A5D1}"
EndProject
Project("{FAE04EC0-301F-11D3-BF4B-00C04F79EFBC}") = "Tyuiu.OsincevEM.Sprint0.Task5.V0.Test", "Tyuiu.OsincevEM.Sprint0.Task5.V0.Test\Tyuiu.OsincevEM.Sprint0.Task5.V0.Test.csproj", "{7E248539-53AA-468F-B32B-A08204837C39}"
EndProject
Global
	GlobalSection(SolutionConfigurationPlatforms) = preSolution
		Debug|Any CPU = Debug|Any CPU
		Release|Any CPU = Release|Any CPU
	EndGlobalSection
	GlobalSection(NestedProjects) = preSolution
		{F58A0034-65EF-4EAD-A0B1-2EB2E74AF0EE} = {38496431-2CF0-49CB-807B-77490F2DD311}
		{0F0B7FBF-0A58-4BAA-ACEC-796CFA2E680B} = {D0A7F513-3733-4CF8-B3EF-80A33B63DFA0}
		{83F11B3A-4CE6-43AB-B0E2-2F8AC15ACFCA} = {6CB8C752-8A24-4E49-ABD8-FAA13FC99986}
		{5375B9C8-280E-4DE8-9E17-E37CC45E766A} = {6CB8C752-8A24-4E49-ABD8-FAA13FC99986}
		{DB4D9A9C-92A7-4341-B827-143AC5593876} = {6CB8C752-8A24-4E49-ABD8-FAA13FC99986}
		{4962517B-6510-4185-B8EE-324413C11BBE} = {D8FC7FBA-1D93-4F0A-AAE6-5D51EE9354B1}
		{46649854-5DCD-4687-9558-E0B307A77279} = {D8FC7FBA-1D93-4F0A-AAE6-5D51EE9354B1}
		{A51D1513-09DB-4604-BA92-2C7BE274D64C} = {D8FC7FBA-1D93-4F0A-AAE6-5D51EE9354B1}
		{E4D8C36D-8CD9-4F5B-A207-D64560D9111B} = {936EFCDA-5B5C-4637-9F56-F847925A4338}
		{B6A761BA-7094-48E4-8E56-C24E6D89FC4D} = {936EFCDA-5B5C-4637-9F56-F847925A4338}
		{540E6FBA-1B33-42F7-8321-5341482EA714} = {936EFCDA-5B5C-4637-9F56-F847925A4338}
		{83BE8CD5-587C-43B6-AB40-2B84088FF6DE} = {FEC889BF-7A1A-47BA-B2A0-79CAAB3AF7B9}
		{237C11D1-4A35-4320-BE57-29ABA887A5D1} = {FEC889BF-7A1A-47BA-B2A0-79CAAB3AF7B9}
		{7E248539-53AA-468F-B32B-A08204837C39} = {FEC889BF-7A1A-47BA-B2A0-79CAAB3AF7B9}
	EndGlobalSection
	GlobalSection(ProjectConfigurationPlatforms) = postSolution
		{F58A0034-65EF-4EAD-A0B1-2EB2E74AF0EE}.Debug|Any CPU.ActiveCfg = Debug|Any CPU
		{F58A0034-65EF-4EAD-A0B1-2EB2E74AF0EE}.Debug|Any CPU.Build.0 = Debug|Any CPU
		{F58A0034-65EF-4EAD-A0B1-2EB2E74AF0EE}.Release|Any CPU.ActiveCfg = Release|Any CPU
		{F58A0034-65EF-4EAD-A0B1-2EB2E74AF0EE}.Release|Any CPU.Build.0 = Release|Any CPU
		{0F0B7FBF-0A58-4BAA-ACEC-796CFA2E680B}.Debug|Any CPU.ActiveCfg = Debug|Any CPU
		{0F0B7FBF-0A58-4BAA-ACEC-796CFA2E680B}.Debug|Any CPU.Build.0 = Debug|Any CPU
		{0F0B7FBF-0A58-4BAA-ACEC-796CFA2E680B}.Release|Any CPU.ActiveCfg = Release|Any CPU
		{0F0B7FBF-0A58-4BAA-ACEC-796CFA2E680B}.Release|Any CPU.Build.0 = Release|Any CPU
		{83F11B3A-4CE6-43AB-B0E2-2F8AC15ACFCA}.Debug|Any CPU.ActiveCfg = Debug|Any CPU
		{83F11B3A-4CE6-43AB-B0E2-2F8AC15ACFCA}.Debug|Any CPU.Build.0 = Debug|Any CPU
		{83F11B3A-4CE6-43AB-B0E2-2F8AC15ACFCA}.Release|Any CPU.ActiveCfg = Release|Any CPU
		{83F11B3A-4CE6-43AB-B0E2-2F8AC15ACFCA}.Release|Any CPU.Build.0 = Release|Any CPU
		{5375B9C8-280E-4DE8-9E17-E37CC45E766A}.Debug|Any CPU.ActiveCfg = Debug|Any CPU
		{5375B9C8-280E-4DE8-9E17-E37CC45E766A}.Debug|Any CPU.Build.0 = Debug|Any CPU
		{5375B9C8-280E-4DE8-9E17-E37CC45E766A}.Release|Any CPU.ActiveCfg = Release|Any CPU
		{5375B9C8-280E-4DE8-9E17-E37CC45E766A}.Release|Any CPU.Build.0 = Release|Any CPU
		{DB4D9A9C-92A7-4341-B827-143AC5593876}.Debug|Any CPU.ActiveCfg = Debug|Any CPU
		{DB4D9A9C-92A7-4341-B827-143AC5593876}.Debug|Any CPU.Build.0 = Debug|Any CPU
		{DB4D9A9C-92A7-4341-B827-143AC5593876}.Release|Any CPU.ActiveCfg = Release|Any CPU
		{DB4D9A9C-92A7-4341-B827-143AC5593876}.Release|Any CPU.Build.0 = Release|Any CPU
		{4962517B-6510-4185-B8EE-324413C11BBE}.Debug|Any CPU.ActiveCfg = Debug|Any CPU
		{4962517B-6510-4185-B8EE-324413C11BBE}.Debug|Any CPU.Build.0 = Debug|Any CPU
		{4962517B-6510-4185-B8EE-324413C11BBE}.Release|Any CPU.ActiveCfg = Release|Any CPU
		{4962517B-6510-4185-B8EE-324413C11BBE}.Release|Any CPU.Build.0 = Release|Any CPU
		{46649854-5DCD-4687-9558-E0B307A77279}.Debug|Any CPU.ActiveCfg = Debug|Any CPU
		{46649854-5DCD-4687-9558-E0B307A77279}.Debug|Any CPU.Build.0 = Debug|Any CPU
		{46649854-5DCD-4687-9558-E0B307A77279}.Release|Any CPU.ActiveCfg = Release|Any CPU
		{46649854-5DCD-4687-9558-E0B307A77279}.Release|Any CPU.Build.0 = Release|Any CPU
		{A51D1513-09DB-4604-BA92-2C7BE274D64C}.Debug|Any CPU.ActiveCfg = Debug|Any CPU
		{A51D1513-09DB-4604-BA92-2C7BE274D64C}.Debug|Any CPU.Build.0 = Debug|Any CPU
		{A51D1513-09DB-4604-BA92-2C7BE274D64C}.Release|Any CPU.ActiveCfg = Release|Any CPU
		{A51D1513-09DB-4604-BA92-2C7BE274D64C}.Release|Any CPU.Build.0 = Release|Any CPU
		{E4D8C36D-8CD9-4F5B-A207-D64560D9111B}.Debug|Any CPU.ActiveCfg = Debug|Any CPU
		{E4D8C36D-8CD9-4F5B-A207-D64560D9111B}.Debug|Any CPU.Build.0 = Debug|Any CPU
		{E4D8C36D-8CD9-4F5B-A207-D64560D9111B}.Release|Any CPU.ActiveCfg = Release|Any CPU
		{E4D8C36D-8CD9-4F5B-A207-D64560D9111B}.Release|Any CPU.Build.0 = Release|Any CPU
		{B6A761BA-7094-48E4-8E56-C24E6D89FC4D}.Debug|Any CPU.ActiveCfg = Debug|Any CPU
		{B6A761BA-7094-48E4-8E56-C24E6D89FC4D}.Debug|Any CPU.Build.0 = Debug|Any CPU
		{B6A761BA-7094-48E4-8E56-C24E6D89FC4D}.Release|Any CPU.ActiveCfg = Release|Any CPU
		{B6A761BA-7094-48E4-8E56-C24E6D89FC4D}.Release|Any CPU.Build.0 = Release|Any CPU
		{540E6FBA-1B33-42F7-8321-5341482EA714}.Debug|Any CPU.ActiveCfg = Debug|Any CPU
		{540E6FBA-1B33-42F7-8321-5341482EA714}.Debug|Any CPU.Build.0 = Debug|Any CPU
		{540E6FBA-1B33-42F7-8321-5341482EA714}.Release|Any CPU.ActiveCfg = Release|Any CPU
		{540E6FBA-1B33-42F7-8321-5341482EA714}.Release|Any CPU.Build.0 = Release|Any CPU
		{83BE8CD5-587C-43B6-AB40-2B84088FF6DE}.Debug|Any CPU.ActiveCfg = Debug|Any CPU
		{83BE8CD5-587C-43B6-AB40-2B84088FF6DE}.Debug|Any CPU.Build.0 = Debug|Any CPU
		{83BE8CD5-587C-43B6-AB40-2B84088FF6DE}.Release|Any CPU.ActiveCfg = Release|Any CPU
		{83BE8CD5-587C-43B6-AB40-2B84088FF6DE}.Release|Any CPU.Build.0 = Release|Any CPU
		{237C11D1-4A35-4320-BE57-29ABA887A5D1}.Debug|Any CPU.ActiveCfg = Debug|Any CPU
		{237C11D1-4A35-4320-BE57-29ABA887A5D1}.Debug|Any CPU.Build.0 = Debug|Any CPU
		{237C11D1-4A35-4320-BE57-29ABA887A5D1}.Release|Any CPU.ActiveCfg = Release|Any CPU
		{237C11D1-4A35-4320-BE57-29ABA887A5D1}.Release|Any CPU.Build.0 = Release|Any CPU
		{7E248539-53AA-468F-B32B-A08204837C39}.Debug|Any CPU.ActiveCfg = Debug|Any CPU
		{7E248539-53AA-468F-B32B-A08204837C39}.Debug|Any CPU.Build.0 = Debug|Any CPU
		{7E248539-53AA-468F-B32B-A08204837C39}.Release|Any CPU.ActiveCfg = Release|Any CPU
		{7E248539-53AA-468F-B32B-A08204837C39}.Release|Any CPU.Build.0 = Release|Any CPU
	EndGlobalSection
EndGlobal
