
Microsoft Visual Studio Solution File, Format Version 12.00
Project("{2150E333-8FDC-42A3-9474-1A3956D46DE8}") = "Task0", "Task0", "{38496431-2CF0-49CB-807B-77490F2DD311}"
EndProject
Project("{FAE04EC0-301F-11D3-BF4B-00C04F79EFBC}") = "Tyuiu.OsincevEM.Sprint0.Task0.V0", "Tyuiu.OsincevEM.Sprint0.Task0.V0\Tyuiu.OsincevEM.Sprint0.Task0.V0.csproj", "{F58A0034-65EF-4EAD-A0B1-2EB2E74AF0EE}"
EndProject
Project("{2150E333-8FDC-42A3-9474-1A3956D46DE8}") = "Task1", "Task1", "{D0A7F513-3733-4CF8-B3EF-80A33B63DFA0}"
EndProject
Project("{FAE04EC0-301F-11D3-BF4B-00C04F79EFBC}") = "Tyuiu.OsincevEM.Sprint0.Task1.V0", "Tyuiu.OsincevEM.Sprint0.Task1.V0 \Tyuiu.OsincevEM.Sprint0.Task1.V0.csproj", "{0F0B7FBF-0A58-4BAA-ACEC-796CFA2E680B}"
EndProject
Global
	GlobalSection(SolutionConfigurationPlatforms) = preSolution
		Debug|Any CPU = Debug|Any CPU
		Release|Any CPU = Release|Any CPU
	EndGlobalSection
	GlobalSection(NestedProjects) = preSolution
		{F58A0034-65EF-4EAD-A0B1-2EB2E74AF0EE} = {38496431-2CF0-49CB-807B-77490F2DD311}
		{0F0B7FBF-0A58-4BAA-ACEC-796CFA2E680B} = {D0A7F513-3733-4CF8-B3EF-80A33B63DFA0}
	EndGlobalSection
	GlobalSection(ProjectConfigurationPlatforms) = postSolution
		{F58A0034-65EF-4EAD-A0B1-2EB2E74AF0EE}.Debug|Any CPU.ActiveCfg = Debug|Any CPU
		{F58A0034-65EF-4EAD-A0B1-2EB2E74AF0EE}.Debug|Any CPU.Build.0 = Debug|Any CPU
		{F58A0034-65EF-4EAD-A0B1-2EB2E74AF0EE}.Release|Any CPU.ActiveCfg = Release|Any CPU
		{F58A0034-65EF-4EAD-A0B1-2EB2E74AF0EE}.Release|Any CPU.Build.0 = Release|Any CPU
		{0F0B7FBF-0A58-4BAA-ACEC-796CFA2E680B}.Debug|Any CPU.ActiveCfg = Debug|Any CPU
		{0F0B7FBF-0A58-4BAA-ACEC-796CFA2E680B}.Debug|Any CPU.Build.0 = Debug|Any CPU
		{0F0B7FBF-0A58-4BAA-ACEC-796CFA2E680B}.Release|Any CPU.ActiveCfg = Release|Any CPU
		{0F0B7FBF-0A58-4BAA-ACEC-796CFA2E680B}.Release|Any CPU.Build.0 = Release|Any CPU
	EndGlobalSection
EndGlobal
